// !$*UTF8*$!
{
	archiveVersion = 1;
	classes = {
	};
	objectVersion = 56;
	objects = {

/* Begin PBXBuildFile section */
		E44DA5F92B6FDAAD009E06E8 /* AppDelegate.swift in Sources */ = {isa = PBXBuildFile; fileRef = E44DA5F82B6FDAAD009E06E8 /* AppDelegate.swift */; };
		E44DA5FB2B6FDAAD009E06E8 /* SceneDelegate.swift in Sources */ = {isa = PBXBuildFile; fileRef = E44DA5FA2B6FDAAD009E06E8 /* SceneDelegate.swift */; };
		E44DA5FD2B6FDAAD009E06E8 /* ViewController.swift in Sources */ = {isa = PBXBuildFile; fileRef = E44DA5FC2B6FDAAD009E06E8 /* ViewController.swift */; };
		E44DA6002B6FDAAD009E06E8 /* Main.storyboard in Resources */ = {isa = PBXBuildFile; fileRef = E44DA5FE2B6FDAAD009E06E8 /* Main.storyboard */; };
		E44DA6022B6FDAAE009E06E8 /* Assets.xcassets in Resources */ = {isa = PBXBuildFile; fileRef = E44DA6012B6FDAAE009E06E8 /* Assets.xcassets */; };
		E44DA6052B6FDAAE009E06E8 /* LaunchScreen.storyboard in Resources */ = {isa = PBXBuildFile; fileRef = E44DA6032B6FDAAE009E06E8 /* LaunchScreen.storyboard */; };
		E44DA6102B6FDAAE009E06E8 /* PixelWorldTests.swift in Sources */ = {isa = PBXBuildFile; fileRef = E44DA60F2B6FDAAE009E06E8 /* PixelWorldTests.swift */; };
		E44DA61A2B6FDAAE009E06E8 /* PixelWorldUITests.swift in Sources */ = {isa = PBXBuildFile; fileRef = E44DA6192B6FDAAE009E06E8 /* PixelWorldUITests.swift */; };
		E44DA61C2B6FDAAE009E06E8 /* PixelWorldUITestsLaunchTests.swift in Sources */ = {isa = PBXBuildFile; fileRef = E44DA61B2B6FDAAE009E06E8 /* PixelWorldUITestsLaunchTests.swift */; };
/* End PBXBuildFile section */

/* Begin PBXContainerItemProxy section */
		E44DA60C2B6FDAAE009E06E8 /* PBXContainerItemProxy */ = {
			isa = PBXContainerItemProxy;
			containerPortal = E44DA5ED2B6FDAAD009E06E8 /* Project object */;
			proxyType = 1;
			remoteGlobalIDString = E44DA5F42B6FDAAD009E06E8;
			remoteInfo = PixelWorld;
		};
		E44DA6162B6FDAAE009E06E8 /* PBXContainerItemProxy */ = {
			isa = PBXContainerItemProxy;
			containerPortal = E44DA5ED2B6FDAAD009E06E8 /* Project object */;
			proxyType = 1;
			remoteGlobalIDString = E44DA5F42B6FDAAD009E06E8;
			remoteInfo = PixelWorld;
		};
/* End PBXContainerItemProxy section */

/* Begin PBXFileReference section */
		E44DA5F52B6FDAAD009E06E8 /* PixelWorld.app */ = {isa = PBXFileReference; explicitFileType = wrapper.application; includeInIndex = 0; path = PixelWorld.app; sourceTree = BUILT_PRODUCTS_DIR; };
		E44DA5F82B6FDAAD009E06E8 /* AppDelegate.swift */ = {isa = PBXFileReference; lastKnownFileType = sourcecode.swift; path = AppDelegate.swift; sourceTree = "<group>"; };
		E44DA5FA2B6FDAAD009E06E8 /* SceneDelegate.swift */ = {isa = PBXFileReference; lastKnownFileType = sourcecode.swift; path = SceneDelegate.swift; sourceTree = "<group>"; };
		E44DA5FC2B6FDAAD009E06E8 /* ViewController.swift */ = {isa = PBXFileReference; lastKnownFileType = sourcecode.swift; path = ViewController.swift; sourceTree = "<group>"; };
		E44DA5FF2B6FDAAD009E06E8 /* Base */ = {isa = PBXFileReference; lastKnownFileType = file.storyboard; name = Base; path = Base.lproj/Main.storyboard; sourceTree = "<group>"; };
		E44DA6012B6FDAAE009E06E8 /* Assets.xcassets */ = {isa = PBXFileReference; lastKnownFileType = folder.assetcatalog; path = Assets.xcassets; sourceTree = "<group>"; };
		E44DA6042B6FDAAE009E06E8 /* Base */ = {isa = PBXFileReference; lastKnownFileType = file.storyboard; name = Base; path = Base.lproj/LaunchScreen.storyboard; sourceTree = "<group>"; };
		E44DA6062B6FDAAE009E06E8 /* Info.plist */ = {isa = PBXFileReference; lastKnownFileType = text.plist.xml; path = Info.plist; sourceTree = "<group>"; };
		E44DA60B2B6FDAAE009E06E8 /* PixelWorldTests.xctest */ = {isa = PBXFileReference; explicitFileType = wrapper.cfbundle; includeInIndex = 0; path = PixelWorldTests.xctest; sourceTree = BUILT_PRODUCTS_DIR; };
		E44DA60F2B6FDAAE009E06E8 /* PixelWorldTests.swift */ = {isa = PBXFileReference; lastKnownFileType = sourcecode.swift; path = PixelWorldTests.swift; sourceTree = "<group>"; };
		E44DA6152B6FDAAE009E06E8 /* PixelWorldUITests.xctest */ = {isa = PBXFileReference; explicitFileType = wrapper.cfbundle; includeInIndex = 0; path = PixelWorldUITests.xctest; sourceTree = BUILT_PRODUCTS_DIR; };
		E44DA6192B6FDAAE009E06E8 /* PixelWorldUITests.swift */ = {isa = PBXFileReference; lastKnownFileType = sourcecode.swift; path = PixelWorldUITests.swift; sourceTree = "<group>"; };
		E44DA61B2B6FDAAE009E06E8 /* PixelWorldUITestsLaunchTests.swift */ = {isa = PBXFileReference; lastKnownFileType = sourcecode.swift; path = PixelWorldUITestsLaunchTests.swift; sourceTree = "<group>"; };
/* End PBXFileReference section */

/* Begin PBXFrameworksBuildPhase section */
		E44DA5F22B6FDAAD009E06E8 /* Frameworks */ = {
			isa = PBXFrameworksBuildPhase;
			buildActionMask = 2147483647;
			files = (
			);
			runOnlyForDeploymentPostprocessing = 0;
		};
		E44DA6082B6FDAAE009E06E8 /* Frameworks */ = {
			isa = PBXFrameworksBuildPhase;
			buildActionMask = 2147483647;
			files = (
			);
			runOnlyForDeploymentPostprocessing = 0;
		};
		E44DA6122B6FDAAE009E06E8 /* Frameworks */ = {
			isa = PBXFrameworksBuildPhase;
			buildActionMask = 2147483647;
			files = (
			);
			runOnlyForDeploymentPostprocessing = 0;
		};
/* End PBXFrameworksBuildPhase section */

/* Begin PBXGroup section */
		E44DA5EC2B6FDAAD009E06E8 = {
			isa = PBXGroup;
			children = (
				E44DA5F72B6FDAAD009E06E8 /* PixelWorld */,
				E44DA60E2B6FDAAE009E06E8 /* PixelWorldTests */,
				E44DA6182B6FDAAE009E06E8 /* PixelWorldUITests */,
				E44DA5F62B6FDAAD009E06E8 /* Products */,
			);
			sourceTree = "<group>";
		};
		E44DA5F62B6FDAAD009E06E8 /* Products */ = {
			isa = PBXGroup;
			children = (
				E44DA5F52B6FDAAD009E06E8 /* PixelWorld.app */,
				E44DA60B2B6FDAAE009E06E8 /* PixelWorldTests.xctest */,
				E44DA6152B6FDAAE009E06E8 /* PixelWorldUITests.xctest */,
			);
			name = Products;
			sourceTree = "<group>";
		};
		E44DA5F72B6FDAAD009E06E8 /* PixelWorld */ = {
			isa = PBXGroup;
			children = (
				E44DA5F82B6FDAAD009E06E8 /* AppDelegate.swift */,
				E44DA5FA2B6FDAAD009E06E8 /* SceneDelegate.swift */,
				E44DA5FC2B6FDAAD009E06E8 /* ViewController.swift */,
				E44DA5FE2B6FDAAD009E06E8 /* Main.storyboard */,
				E44DA6012B6FDAAE009E06E8 /* Assets.xcassets */,
				E44DA6032B6FDAAE009E06E8 /* LaunchScreen.storyboard */,
				E44DA6062B6FDAAE009E06E8 /* Info.plist */,
			);
			path = PixelWorld;
			sourceTree = "<group>";
		};
		E44DA60E2B6FDAAE009E06E8 /* PixelWorldTests */ = {
			isa = PBXGroup;
			children = (
				E44DA60F2B6FDAAE009E06E8 /* PixelWorldTests.swift */,
			);
			path = PixelWorldTests;
			sourceTree = "<group>";
		};
		E44DA6182B6FDAAE009E06E8 /* PixelWorldUITests */ = {
			isa = PBXGroup;
			children = (
				E44DA6192B6FDAAE009E06E8 /* PixelWorldUITests.swift */,
				E44DA61B2B6FDAAE009E06E8 /* PixelWorldUITestsLaunchTests.swift */,
			);
			path = PixelWorldUITests;
			sourceTree = "<group>";
		};
/* End PBXGroup section */

/* Begin PBXNativeTarget section */
		E44DA5F42B6FDAAD009E06E8 /* PixelWorld */ = {
			isa = PBXNativeTarget;
			buildConfigurationList = E44DA61F2B6FDAAE009E06E8 /* Build configuration list for PBXNativeTarget "PixelWorld" */;
			buildPhases = (
				E44DA5F12B6FDAAD009E06E8 /* Sources */,
				E44DA5F22B6FDAAD009E06E8 /* Frameworks */,
				E44DA5F32B6FDAAD009E06E8 /* Resources */,
			);
			buildRules = (
			);
			dependencies = (
			);
			name = PixelWorld;
			productName = PixelWorld;
			productReference = E44DA5F52B6FDAAD009E06E8 /* PixelWorld.app */;
			productType = "com.apple.product-type.application";
		};
		E44DA60A2B6FDAAE009E06E8 /* PixelWorldTests */ = {
			isa = PBXNativeTarget;
			buildConfigurationList = E44DA6222B6FDAAE009E06E8 /* Build configuration list for PBXNativeTarget "PixelWorldTests" */;
			buildPhases = (
				E44DA6072B6FDAAE009E06E8 /* Sources */,
				E44DA6082B6FDAAE009E06E8 /* Frameworks */,
				E44DA6092B6FDAAE009E06E8 /* Resources */,
			);
			buildRules = (
			);
			dependencies = (
				E44DA60D2B6FDAAE009E06E8 /* PBXTargetDependency */,
			);
			name = PixelWorldTests;
			productName = PixelWorldTests;
			productReference = E44DA60B2B6FDAAE009E06E8 /* PixelWorldTests.xctest */;
			productType = "com.apple.product-type.bundle.unit-test";
		};
		E44DA6142B6FDAAE009E06E8 /* PixelWorldUITests */ = {
			isa = PBXNativeTarget;
			buildConfigurationList = E44DA6252B6FDAAE009E06E8 /* Build configuration list for PBXNativeTarget "PixelWorldUITests" */;
			buildPhases = (
				E44DA6112B6FDAAE009E06E8 /* Sources */,
				E44DA6122B6FDAAE009E06E8 /* Frameworks */,
				E44DA6132B6FDAAE009E06E8 /* Resources */,
			);
			buildRules = (
			);
			dependencies = (
				E44DA6172B6FDAAE009E06E8 /* PBXTargetDependency */,
			);
			name = PixelWorldUITests;
			productName = PixelWorldUITests;
			productReference = E44DA6152B6FDAAE009E06E8 /* PixelWorldUITests.xctest */;
			productType = "com.apple.product-type.bundle.ui-testing";
		};
/* End PBXNativeTarget section */

/* Begin PBXProject section */
		E44DA5ED2B6FDAAD009E06E8 /* Project object */ = {
			isa = PBXProject;
			attributes = {
				BuildIndependentTargetsInParallel = 1;
				LastSwiftUpdateCheck = 1500;
				LastUpgradeCheck = 1500;
				TargetAttributes = {
					E44DA5F42B6FDAAD009E06E8 = {
						CreatedOnToolsVersion = 15.0;
					};
					E44DA60A2B6FDAAE009E06E8 = {
						CreatedOnToolsVersion = 15.0;
						TestTargetID = E44DA5F42B6FDAAD009E06E8;
					};
					E44DA6142B6FDAAE009E06E8 = {
						CreatedOnToolsVersion = 15.0;
						TestTargetID = E44DA5F42B6FDAAD009E06E8;
					};
				};
			};
			buildConfigurationList = E44DA5F02B6FDAAD009E06E8 /* Build configuration list for PBXProject "PixelWorld" */;
			compatibilityVersion = "Xcode 14.0";
			developmentRegion = en;
			hasScannedForEncodings = 0;
			knownRegions = (
				en,
				Base,
			);
			mainGroup = E44DA5EC2B6FDAAD009E06E8;
			productRefGroup = E44DA5F62B6FDAAD009E06E8 /* Products */;
			projectDirPath = "";
			projectRoot = "";
			targets = (
				E44DA5F42B6FDAAD009E06E8 /* PixelWorld */,
				E44DA60A2B6FDAAE009E06E8 /* PixelWorldTests */,
				E44DA6142B6FDAAE009E06E8 /* PixelWorldUITests */,
			);
		};
/* End PBXProject section */

/* Begin PBXResourcesBuildPhase section */
		E44DA5F32B6FDAAD009E06E8 /* Resources */ = {
			isa = PBXResourcesBuildPhase;
			buildActionMask = 2147483647;
			files = (
				E44DA6052B6FDAAE009E06E8 /* LaunchScreen.storyboard in Resources */,
				E44DA6022B6FDAAE009E06E8 /* Assets.xcassets in Resources */,
				E44DA6002B6FDAAD009E06E8 /* Main.storyboard in Resources */,
			);
			runOnlyForDeploymentPostprocessing = 0;
		};
		E44DA6092B6FDAAE009E06E8 /* Resources */ = {
			isa = PBXResourcesBuildPhase;
			buildActionMask = 2147483647;
			files = (
			);
			runOnlyForDeploymentPostprocessing = 0;
		};
		E44DA6132B6FDAAE009E06E8 /* Resources */ = {
			isa = PBXResourcesBuildPhase;
			buildActionMask = 2147483647;
			files = (
			);
			runOnlyForDeploymentPostprocessing = 0;
		};
/* End PBXResourcesBuildPhase section */

/* Begin PBXSourcesBuildPhase section */
		E44DA5F12B6FDAAD009E06E8 /* Sources */ = {
			isa = PBXSourcesBuildPhase;
			buildActionMask = 2147483647;
			files = (
				E44DA5FD2B6FDAAD009E06E8 /* ViewController.swift in Sources */,
				E44DA5F92B6FDAAD009E06E8 /* AppDelegate.swift in Sources */,
				E44DA5FB2B6FDAAD009E06E8 /* SceneDelegate.swift in Sources */,
			);
			runOnlyForDeploymentPostprocessing = 0;
		};
		E44DA6072B6FDAAE009E06E8 /* Sources */ = {
			isa = PBXSourcesBuildPhase;
			buildActionMask = 2147483647;
			files = (
				E44DA6102B6FDAAE009E06E8 /* PixelWorldTests.swift in Sources */,
			);
			runOnlyForDeploymentPostprocessing = 0;
		};
		E44DA6112B6FDAAE009E06E8 /* Sources */ = {
			isa = PBXSourcesBuildPhase;
			buildActionMask = 2147483647;
			files = (
				E44DA61C2B6FDAAE009E06E8 /* PixelWorldUITestsLaunchTests.swift in Sources */,
				E44DA61A2B6FDAAE009E06E8 /* PixelWorldUITests.swift in Sources */,
			);
			runOnlyForDeploymentPostprocessing = 0;
		};
/* End PBXSourcesBuildPhase section */

/* Begin PBXTargetDependency section */
		E44DA60D2B6FDAAE009E06E8 /* PBXTargetDependency */ = {
			isa = PBXTargetDependency;
			target = E44DA5F42B6FDAAD009E06E8 /* PixelWorld */;
			targetProxy = E44DA60C2B6FDAAE009E06E8 /* PBXContainerItemProxy */;
		};
		E44DA6172B6FDAAE009E06E8 /* PBXTargetDependency */ = {
			isa = PBXTargetDependency;
			target = E44DA5F42B6FDAAD009E06E8 /* PixelWorld */;
			targetProxy = E44DA6162B6FDAAE009E06E8 /* PBXContainerItemProxy */;
		};
/* End PBXTargetDependency section */

/* Begin PBXVariantGroup section */
		E44DA5FE2B6FDAAD009E06E8 /* Main.storyboard */ = {
			isa = PBXVariantGroup;
			children = (
				E44DA5FF2B6FDAAD009E06E8 /* Base */,
			);
			name = Main.storyboard;
			sourceTree = "<group>";
		};
		E44DA6032B6FDAAE009E06E8 /* LaunchScreen.storyboard */ = {
			isa = PBXVariantGroup;
			children = (
				E44DA6042B6FDAAE009E06E8 /* Base */,
			);
			name = LaunchScreen.storyboard;
			sourceTree = "<group>";
		};
/* End PBXVariantGroup section */

/* Begin XCBuildConfiguration section */
		E44DA61D2B6FDAAE009E06E8 /* Debug */ = {
			isa = XCBuildConfiguration;
			buildSettings = {
				ALWAYS_SEARCH_USER_PATHS = NO;
				ASSETCATALOG_COMPILER_GENERATE_SWIFT_ASSET_SYMBOL_EXTENSIONS = YES;
				CLANG_ANALYZER_NONNULL = YES;
				CLANG_ANALYZER_NUMBER_OBJECT_CONVERSION = YES_AGGRESSIVE;
				CLANG_CXX_LANGUAGE_STANDARD = "gnu++20";
				CLANG_ENABLE_MODULES = YES;
				CLANG_ENABLE_OBJC_ARC = YES;
				CLANG_ENABLE_OBJC_WEAK = YES;
				CLANG_WARN_BLOCK_CAPTURE_AUTORELEASING = YES;
				CLANG_WARN_BOOL_CONVERSION = YES;
				CLANG_WARN_COMMA = YES;
				CLANG_WARN_CONSTANT_CONVERSION = YES;
				CLANG_WARN_DEPRECATED_OBJC_IMPLEMENTATIONS = YES;
				CLANG_WARN_DIRECT_OBJC_ISA_USAGE = YES_ERROR;
				CLANG_WARN_DOCUMENTATION_COMMENTS = YES;
				CLANG_WARN_EMPTY_BODY = YES;
				CLANG_WARN_ENUM_CONVERSION = YES;
				CLANG_WARN_INFINITE_RECURSION = YES;
				CLANG_WARN_INT_CONVERSION = YES;
				CLANG_WARN_NON_LITERAL_NULL_CONVERSION = YES;
				CLANG_WARN_OBJC_IMPLICIT_RETAIN_SELF = YES;
				CLANG_WARN_OBJC_LITERAL_CONVERSION = YES;
				CLANG_WARN_OBJC_ROOT_CLASS = YES_ERROR;
				CLANG_WARN_QUOTED_INCLUDE_IN_FRAMEWORK_HEADER = YES;
				CLANG_WARN_RANGE_LOOP_ANALYSIS = YES;
				CLANG_WARN_STRICT_PROTOTYPES = YES;
				CLANG_WARN_SUSPICIOUS_MOVE = YES;
				CLANG_WARN_UNGUARDED_AVAILABILITY = YES_AGGRESSIVE;
				CLANG_WARN_UNREACHABLE_CODE = YES;
				CLANG_WARN__DUPLICATE_METHOD_MATCH = YES;
				COPY_PHASE_STRIP = NO;
				DEBUG_INFORMATION_FORMAT = dwarf;
				ENABLE_STRICT_OBJC_MSGSEND = YES;
				ENABLE_TESTABILITY = YES;
				ENABLE_USER_SCRIPT_SANDBOXING = YES;
				GCC_C_LANGUAGE_STANDARD = gnu17;
				GCC_DYNAMIC_NO_PIC = NO;
				GCC_NO_COMMON_BLOCKS = YES;
				GCC_OPTIMIZATION_LEVEL = 0;
				GCC_PREPROCESSOR_DEFINITIONS = (
					"DEBUG=1",
					"$(inherited)",
				);
				GCC_WARN_64_TO_32_BIT_CONVERSION = YES;
				GCC_WARN_ABOUT_RETURN_TYPE = YES_ERROR;
				GCC_WARN_UNDECLARED_SELECTOR = YES;
				GCC_WARN_UNINITIALIZED_AUTOS = YES_AGGRESSIVE;
				GCC_WARN_UNUSED_FUNCTION = YES;
				GCC_WARN_UNUSED_VARIABLE = YES;
				IPHONEOS_DEPLOYMENT_TARGET = 17.0;
				LOCALIZATION_PREFERS_STRING_CATALOGS = YES;
				MTL_ENABLE_DEBUG_INFO = INCLUDE_SOURCE;
				MTL_FAST_MATH = YES;
				ONLY_ACTIVE_ARCH = YES;
				SDKROOT = iphoneos;
				SWIFT_ACTIVE_COMPILATION_CONDITIONS = "DEBUG $(inherited)";
				SWIFT_OPTIMIZATION_LEVEL = "-Onone";
			};
			name = Debug;
		};
		E44DA61E2B6FDAAE009E06E8 /* Release */ = {
			isa = XCBuildConfiguration;
			buildSettings = {
				ALWAYS_SEARCH_USER_PATHS = NO;
				ASSETCATALOG_COMPILER_GENERATE_SWIFT_ASSET_SYMBOL_EXTENSIONS = YES;
				CLANG_ANALYZER_NONNULL = YES;
				CLANG_ANALYZER_NUMBER_OBJECT_CONVERSION = YES_AGGRESSIVE;
				CLANG_CXX_LANGUAGE_STANDARD = "gnu++20";
				CLANG_ENABLE_MODULES = YES;
				CLANG_ENABLE_OBJC_ARC = YES;
				CLANG_ENABLE_OBJC_WEAK = YES;
				CLANG_WARN_BLOCK_CAPTURE_AUTORELEASING = YES;
				CLANG_WARN_BOOL_CONVERSION = YES;
				CLANG_WARN_COMMA = YES;
				CLANG_WARN_CONSTANT_CONVERSION = YES;
				CLANG_WARN_DEPRECATED_OBJC_IMPLEMENTATIONS = YES;
				CLANG_WARN_DIRECT_OBJC_ISA_USAGE = YES_ERROR;
				CLANG_WARN_DOCUMENTATION_COMMENTS = YES;
				CLANG_WARN_EMPTY_BODY = YES;
				CLANG_WARN_ENUM_CONVERSION = YES;
				CLANG_WARN_INFINITE_RECURSION = YES;
				CLANG_WARN_INT_CONVERSION = YES;
				CLANG_WARN_NON_LITERAL_NULL_CONVERSION = YES;
				CLANG_WARN_OBJC_IMPLICIT_RETAIN_SELF = YES;
				CLANG_WARN_OBJC_LITERAL_CONVERSION = YES;
				CLANG_WARN_OBJC_ROOT_CLASS = YES_ERROR;
				CLANG_WARN_QUOTED_INCLUDE_IN_FRAMEWORK_HEADER = YES;
				CLANG_WARN_RANGE_LOOP_ANALYSIS = YES;
				CLANG_WARN_STRICT_PROTOTYPES = YES;
				CLANG_WARN_SUSPICIOUS_MOVE = YES;
				CLANG_WARN_UNGUARDED_AVAILABILITY = YES_AGGRESSIVE;
				CLANG_WARN_UNREACHABLE_CODE = YES;
				CLANG_WARN__DUPLICATE_METHOD_MATCH = YES;
				COPY_PHASE_STRIP = NO;
				DEBUG_INFORMATION_FORMAT = "dwarf-with-dsym";
				ENABLE_NS_ASSERTIONS = NO;
				ENABLE_STRICT_OBJC_MSGSEND = YES;
				ENABLE_USER_SCRIPT_SANDBOXING = YES;
				GCC_C_LANGUAGE_STANDARD = gnu17;
				GCC_NO_COMMON_BLOCKS = YES;
				GCC_WARN_64_TO_32_BIT_CONVERSION = YES;
				GCC_WARN_ABOUT_RETURN_TYPE = YES_ERROR;
				GCC_WARN_UNDECLARED_SELECTOR = YES;
				GCC_WARN_UNINITIALIZED_AUTOS = YES_AGGRESSIVE;
				GCC_WARN_UNUSED_FUNCTION = YES;
				GCC_WARN_UNUSED_VARIABLE = YES;
				IPHONEOS_DEPLOYMENT_TARGET = 17.0;
				LOCALIZATION_PREFERS_STRING_CATALOGS = YES;
				MTL_ENABLE_DEBUG_INFO = NO;
				MTL_FAST_MATH = YES;
				SDKROOT = iphoneos;
				SWIFT_COMPILATION_MODE = wholemodule;
				VALIDATE_PRODUCT = YES;
			};
			name = Release;
		};
		E44DA6202B6FDAAE009E06E8 /* Debug */ = {
			isa = XCBuildConfiguration;
			buildSettings = {
				ASSETCATALOG_COMPILER_APPICON_NAME = AppIcon;
				ASSETCATALOG_COMPILER_GLOBAL_ACCENT_COLOR_NAME = AccentColor;
				CODE_SIGN_STYLE = Automatic;
				CURRENT_PROJECT_VERSION = 1;
				DEVELOPMENT_TEAM = T9K9SVKFJF;
				GENERATE_INFOPLIST_FILE = YES;
				INFOPLIST_FILE = PixelWorld/Info.plist;
				INFOPLIST_KEY_UIApplicationSupportsIndirectInputEvents = YES;
				INFOPLIST_KEY_UILaunchStoryboardName = LaunchScreen;
				INFOPLIST_KEY_UIMainStoryboardFile = Main;
				INFOPLIST_KEY_UISupportedInterfaceOrientations_iPad = "UIInterfaceOrientationPortrait UIInterfaceOrientationPortraitUpsideDown UIInterfaceOrientationLandscapeLeft UIInterfaceOrientationLandscapeRight";
				INFOPLIST_KEY_UISupportedInterfaceOrientations_iPhone = "UIInterfaceOrientationPortrait UIInterfaceOrientationLandscapeLeft UIInterfaceOrientationLandscapeRight";
				LD_RUNPATH_SEARCH_PATHS = (
					"$(inherited)",
					"@executable_path/Frameworks",
				);
				MARKETING_VERSION = 1.0;
				PRODUCT_BUNDLE_IDENTIFIER = com.example.PixelWorld;
				PRODUCT_NAME = "$(TARGET_NAME)";
				SWIFT_EMIT_LOC_STRINGS = YES;
				SWIFT_VERSION = 5.0;
				TARGETED_DEVICE_FAMILY = "1,2";
			};
			name = Debug;
		};
		E44DA6212B6FDAAE009E06E8 /* Release */ = {
			isa = XCBuildConfiguration;
			buildSettings = {
				ASSETCATALOG_COMPILER_APPICON_NAME = AppIcon;
				ASSETCATALOG_COMPILER_GLOBAL_ACCENT_COLOR_NAME = AccentColor;
				CODE_SIGN_STYLE = Automatic;
				CURRENT_PROJECT_VERSION = 1;
				DEVELOPMENT_TEAM = T9K9SVKFJF;
				GENERATE_INFOPLIST_FILE = YES;
				INFOPLIST_FILE = PixelWorld/Info.plist;
				INFOPLIST_KEY_UIApplicationSupportsIndirectInputEvents = YES;
				INFOPLIST_KEY_UILaunchStoryboardName = LaunchScreen;
				INFOPLIST_KEY_UIMainStoryboardFile = Main;
				INFOPLIST_KEY_UISupportedInterfaceOrientations_iPad = "UIInterfaceOrientationPortrait UIInterfaceOrientationPortraitUpsideDown UIInterfaceOrientationLandscapeLeft UIInterfaceOrientationLandscapeRight";
				INFOPLIST_KEY_UISupportedInterfaceOrientations_iPhone = "UIInterfaceOrientationPortrait UIInterfaceOrientationLandscapeLeft UIInterfaceOrientationLandscapeRight";
				LD_RUNPATH_SEARCH_PATHS = (
					"$(inherited)",
					"@executable_path/Frameworks",
				);
				MARKETING_VERSION = 1.0;
				PRODUCT_BUNDLE_IDENTIFIER = com.example.PixelWorld;
				PRODUCT_NAME = "$(TARGET_NAME)";
				SWIFT_EMIT_LOC_STRINGS = YES;
				SWIFT_VERSION = 5.0;
				TARGETED_DEVICE_FAMILY = "1,2";
			};
			name = Release;
		};
		E44DA6232B6FDAAE009E06E8 /* Debug */ = {
			isa = XCBuildConfiguration;
			buildSettings = {
				ALWAYS_EMBED_SWIFT_STANDARD_LIBRARIES = YES;
				BUNDLE_LOADER = "$(TEST_HOST)";
				CODE_SIGN_STYLE = Automatic;
				CURRENT_PROJECT_VERSION = 1;
				DEVELOPMENT_TEAM = T9K9SVKFJF;
				GENERATE_INFOPLIST_FILE = YES;
				IPHONEOS_DEPLOYMENT_TARGET = 17.0;
				MARKETING_VERSION = 1.0;
				PRODUCT_BUNDLE_IDENTIFIER = com.example.PixelWorldTests;
				PRODUCT_NAME = "$(TARGET_NAME)";
				SWIFT_EMIT_LOC_STRINGS = NO;
				SWIFT_VERSION = 5.0;
				TARGETED_DEVICE_FAMILY = "1,2";
				TEST_HOST = "$(BUILT_PRODUCTS_DIR)/PixelWorld.app/$(BUNDLE_EXECUTABLE_FOLDER_PATH)/PixelWorld";
			};
			name = Debug;
		};
		E44DA6242B6FDAAE009E06E8 /* Release */ = {
			isa = XCBuildConfiguration;
			buildSettings = {
				ALWAYS_EMBED_SWIFT_STANDARD_LIBRARIES = YES;
				BUNDLE_LOADER = "$(TEST_HOST)";
				CODE_SIGN_STYLE = Automatic;
				CURRENT_PROJECT_VERSION = 1;
				DEVELOPMENT_TEAM = T9K9SVKFJF;
				GENERATE_INFOPLIST_FILE = YES;
				IPHONEOS_DEPLOYMENT_TARGET = 17.0;
				MARKETING_VERSION = 1.0;
				PRODUCT_BUNDLE_IDENTIFIER = com.example.PixelWorldTests;
				PRODUCT_NAME = "$(TARGET_NAME)";
				SWIFT_EMIT_LOC_STRINGS = NO;
				SWIFT_VERSION = 5.0;
				TARGETED_DEVICE_FAMILY = "1,2";
				TEST_HOST = "$(BUILT_PRODUCTS_DIR)/PixelWorld.app/$(BUNDLE_EXECUTABLE_FOLDER_PATH)/PixelWorld";
			};
			name = Release;
		};
		E44DA6262B6FDAAE009E06E8 /* Debug */ = {
			isa = XCBuildConfiguration;
			buildSettings = {
				ALWAYS_EMBED_SWIFT_STANDARD_LIBRARIES = YES;
				CODE_SIGN_STYLE = Automatic;
				CURRENT_PROJECT_VERSION = 1;
				DEVELOPMENT_TEAM = T9K9SVKFJF;
				GENERATE_INFOPLIST_FILE = YES;
				MARKETING_VERSION = 1.0;
				PRODUCT_BUNDLE_IDENTIFIER = com.example.PixelWorldUITests;
				PRODUCT_NAME = "$(TARGET_NAME)";
				SWIFT_EMIT_LOC_STRINGS = NO;
				SWIFT_VERSION = 5.0;
				TARGETED_DEVICE_FAMILY = "1,2";
				TEST_TARGET_NAME = PixelWorld;
			};
			name = Debug;
		};
		E44DA6272B6FDAAE009E06E8 /* Release */ = {
			isa = XCBuildConfiguration;
			buildSettings = {
				ALWAYS_EMBED_SWIFT_STANDARD_LIBRARIES = YES;
				CODE_SIGN_STYLE = Automatic;
				CURRENT_PROJECT_VERSION = 1;
				DEVELOPMENT_TEAM = T9K9SVKFJF;
				GENERATE_INFOPLIST_FILE = YES;
				MARKETING_VERSION = 1.0;
				PRODUCT_BUNDLE_IDENTIFIER = com.example.PixelWorldUITests;
				PRODUCT_NAME = "$(TARGET_NAME)";
				SWIFT_EMIT_LOC_STRINGS = NO;
				SWIFT_VERSION = 5.0;
				TARGETED_DEVICE_FAMILY = "1,2";
				TEST_TARGET_NAME = PixelWorld;
			};
			name = Release;
		};
/* End XCBuildConfiguration section */

/* Begin XCConfigurationList section */
		E44DA5F02B6FDAAD009E06E8 /* Build configuration list for PBXProject "PixelWorld" */ = {
			isa = XCConfigurationList;
			buildConfigurations = (
				E44DA61D2B6FDAAE009E06E8 /* Debug */,
				E44DA61E2B6FDAAE009E06E8 /* Release */,
			);
			defaultConfigurationIsVisible = 0;
			defaultConfigurationName = Release;
		};
		E44DA61F2B6FDAAE009E06E8 /* Build configuration list for PBXNativeTarget "PixelWorld" */ = {
			isa = XCConfigurationList;
			buildConfigurations = (
				E44DA6202B6FDAAE009E06E8 /* Debug */,
				E44DA6212B6FDAAE009E06E8 /* Release */,
			);
			defaultConfigurationIsVisible = 0;
			defaultConfigurationName = Release;
		};
		E44DA6222B6FDAAE009E06E8 /* Build configuration list for PBXNativeTarget "PixelWorldTests" */ = {
			isa = XCConfigurationList;
			buildConfigurations = (
				E44DA6232B6FDAAE009E06E8 /* Debug */,
				E44DA6242B6FDAAE009E06E8 /* Release */,
			);
			defaultConfigurationIsVisible = 0;
			defaultConfigurationName = Release;
		};
		E44DA6252B6FDAAE009E06E8 /* Build configuration list for PBXNativeTarget "PixelWorldUITests" */ = {
			isa = XCConfigurationList;
			buildConfigurations = (
				E44DA6262B6FDAAE009E06E8 /* Debug */,
				E44DA6272B6FDAAE009E06E8 /* Release */,
			);
			defaultConfigurationIsVisible = 0;
			defaultConfigurationName = Release;
		};
/* End XCConfigurationList section */
	};
	rootObject = E44DA5ED2B6FDAAD009E06E8 /* Project object */;
}
